
Microsoft Visual Studio Solution File, Format Version 12.00
# Visual Studio Version 17
VisualStudioVersion = 17.1.32407.343
MinimumVisualStudioVersion = 10.0.40219.1
Project("{9A19103F-16F7-4668-BE54-9A1E7A4F7556}") = "XingZen.Web", "XingZen.Web\XingZen.Web.csproj", "{356718DD-9906-4080-89FF-5A6131072EE9}"
EndProject
Project("{9A19103F-16F7-4668-BE54-9A1E7A4F7556}") = "QianCash.Core", "QianCash.Core\QianCash.Core.csproj", "{9029268E-A274-48DD-9A5E-500F43E6EE7B}"
EndProject
Project("{9A19103F-16F7-4668-BE54-9A1E7A4F7556}") = "QianCash.Web", "QianCash.Web\QianCash.Web.csproj", "{6BD9A4A8-C57B-4CE6-9E89-E268499989A2}"
EndProject
Global
	GlobalSection(SolutionConfigurationPlatforms) = preSolution
		Debug|Any CPU = Debug|Any CPU
		Release|Any CPU = Release|Any CPU
	EndGlobalSection
	GlobalSection(ProjectConfigurationPlatforms) = postSolution
		{356718DD-9906-4080-89FF-5A6131072EE9}.Debug|Any CPU.ActiveCfg = Debug|Any CPU
		{356718DD-9906-4080-89FF-5A6131072EE9}.Debug|Any CPU.Build.0 = Debug|Any CPU
		{356718DD-9906-4080-89FF-5A6131072EE9}.Release|Any CPU.ActiveCfg = Release|Any CPU
		{356718DD-9906-4080-89FF-5A6131072EE9}.Release|Any CPU.Build.0 = Release|Any CPU
		{9029268E-A274-48DD-9A5E-500F43E6EE7B}.Debug|Any CPU.ActiveCfg = Debug|Any CPU
		{9029268E-A274-48DD-9A5E-500F43E6EE7B}.Debug|Any CPU.Build.0 = Debug|Any CPU
		{9029268E-A274-48DD-9A5E-500F43E6EE7B}.Release|Any CPU.ActiveCfg = Release|Any CPU
		{9029268E-A274-48DD-9A5E-500F43E6EE7B}.Release|Any CPU.Build.0 = Release|Any CPU
		{6BD9A4A8-C57B-4CE6-9E89-E268499989A2}.Debug|Any CPU.ActiveCfg = Debug|Any CPU
		{6BD9A4A8-C57B-4CE6-9E89-E268499989A2}.Debug|Any CPU.Build.0 = Debug|Any CPU
		{6BD9A4A8-C57B-4CE6-9E89-E268499989A2}.Release|Any CPU.ActiveCfg = Release|Any CPU
		{6BD9A4A8-C57B-4CE6-9E89-E268499989A2}.Release|Any CPU.Build.0 = Release|Any CPU
	EndGlobalSection
	GlobalSection(SolutionProperties) = preSolution
		HideSolutionNode = FALSE
	EndGlobalSection
	GlobalSection(ExtensibilityGlobals) = postSolution
		SolutionGuid = {DF4DC899-138F-440E-BE19-09B180E15672}
	EndGlobalSection
EndGlobal
