
Microsoft Visual Studio Solution File, Format Version 12.00
# Visual Studio Version 16
VisualStudioVersion = 16.0.32126.315
MinimumVisualStudioVersion = 10.0.40219.1
Project("{9A19103F-16F7-4668-BE54-9A1E7A4F7556}") = "ES.Labs.Api", "ES.Labs.Api\ES.Labs.Api.csproj", "{81FD6746-1AD2-43F0-A893-49FBD10B44F0}"
EndProject
Project("{9A19103F-16F7-4668-BE54-9A1E7A4F7556}") = "playsomething", "playsomething\playsomething.csproj", "{F5A36749-575A-4EDD-B7DD-C1CC7405069A}"
EndProject
Project("{9A19103F-16F7-4668-BE54-9A1E7A4F7556}") = "ES.Labs.Consumer", "ES.Labs.Consumer\ES.Labs.Consumer.csproj", "{F8F586D5-782D-48C5-984B-6C9FFD9E5E60}"
EndProject
Project("{FAE04EC0-301F-11D3-BF4B-00C04F79EFBC}") = "ES.Labs.Domain", "ES.Labs.Domain\ES.Labs.Domain.csproj", "{AB19BF53-449B-4EE4-BE2B-8989750914CC}"
EndProject
Global
	GlobalSection(SolutionConfigurationPlatforms) = preSolution
		Debug|Any CPU = Debug|Any CPU
		Release|Any CPU = Release|Any CPU
	EndGlobalSection
	GlobalSection(ProjectConfigurationPlatforms) = postSolution
		{81FD6746-1AD2-43F0-A893-49FBD10B44F0}.Debug|Any CPU.ActiveCfg = Debug|Any CPU
		{81FD6746-1AD2-43F0-A893-49FBD10B44F0}.Debug|Any CPU.Build.0 = Debug|Any CPU
		{81FD6746-1AD2-43F0-A893-49FBD10B44F0}.Release|Any CPU.ActiveCfg = Release|Any CPU
		{81FD6746-1AD2-43F0-A893-49FBD10B44F0}.Release|Any CPU.Build.0 = Release|Any CPU
		{F5A36749-575A-4EDD-B7DD-C1CC7405069A}.Debug|Any CPU.ActiveCfg = Debug|Any CPU
		{F5A36749-575A-4EDD-B7DD-C1CC7405069A}.Debug|Any CPU.Build.0 = Debug|Any CPU
		{F5A36749-575A-4EDD-B7DD-C1CC7405069A}.Release|Any CPU.ActiveCfg = Release|Any CPU
		{F5A36749-575A-4EDD-B7DD-C1CC7405069A}.Release|Any CPU.Build.0 = Release|Any CPU
		{F8F586D5-782D-48C5-984B-6C9FFD9E5E60}.Debug|Any CPU.ActiveCfg = Debug|Any CPU
		{F8F586D5-782D-48C5-984B-6C9FFD9E5E60}.Debug|Any CPU.Build.0 = Debug|Any CPU
		{F8F586D5-782D-48C5-984B-6C9FFD9E5E60}.Release|Any CPU.ActiveCfg = Release|Any CPU
		{F8F586D5-782D-48C5-984B-6C9FFD9E5E60}.Release|Any CPU.Build.0 = Release|Any CPU
		{AB19BF53-449B-4EE4-BE2B-8989750914CC}.Debug|Any CPU.ActiveCfg = Debug|Any CPU
		{AB19BF53-449B-4EE4-BE2B-8989750914CC}.Debug|Any CPU.Build.0 = Debug|Any CPU
		{AB19BF53-449B-4EE4-BE2B-8989750914CC}.Release|Any CPU.ActiveCfg = Release|Any CPU
		{AB19BF53-449B-4EE4-BE2B-8989750914CC}.Release|Any CPU.Build.0 = Release|Any CPU
	EndGlobalSection
	GlobalSection(SolutionProperties) = preSolution
		HideSolutionNode = FALSE
	EndGlobalSection
	GlobalSection(ExtensibilityGlobals) = postSolution
		SolutionGuid = {1F446A79-1FC9-4490-AE8D-FB12805C291B}
	EndGlobalSection
EndGlobal
